
Microsoft Visual Studio Solution File, Format Version 12.00
# Visual Studio Version 16
VisualStudioVersion = 16.0.29102.190
MinimumVisualStudioVersion = 10.0.40219.1
Project("{8BC9CEB8-8B4A-11D0-8D11-00A0C91BC942}") = "threshold otsu", "threshold otsu\threshold otsu.vcxproj", "{8BDBE297-DD39-43B8-ADE6-FA6F92018E07}"
EndProject
Global
	GlobalSection(SolutionConfigurationPlatforms) = preSolution
		Debug|x64 = Debug|x64
		Debug|x86 = Debug|x86
		Release|x64 = Release|x64
		Release|x86 = Release|x86
	EndGlobalSection
	GlobalSection(ProjectConfigurationPlatforms) = postSolution
		{8BDBE297-DD39-43B8-ADE6-FA6F92018E07}.Debug|x64.ActiveCfg = Debug|x64
		{8BDBE297-DD39-43B8-ADE6-FA6F92018E07}.Debug|x64.Build.0 = Debug|x64
		{8BDBE297-DD39-43B8-ADE6-FA6F92018E07}.Debug|x86.ActiveCfg = Debug|Win32
		{8BDBE297-DD39-43B8-ADE6-FA6F92018E07}.Debug|x86.Build.0 = Debug|Win32
		{8BDBE297-DD39-43B8-ADE6-FA6F92018E07}.Release|x64.ActiveCfg = Release|x64
		{8BDBE297-DD39-43B8-ADE6-FA6F92018E07}.Release|x64.Build.0 = Release|x64
		{8BDBE297-DD39-43B8-ADE6-FA6F92018E07}.Release|x86.ActiveCfg = Release|Win32
		{8BDBE297-DD39-43B8-ADE6-FA6F92018E07}.Release|x86.Build.0 = Release|Win32
	EndGlobalSection
	GlobalSection(SolutionProperties) = preSolution
		HideSolutionNode = FALSE
	EndGlobalSection
	GlobalSection(ExtensibilityGlobals) = postSolution
		SolutionGuid = {E0A62149-3BDD-4CFE-A302-15A3BDA01906}
	EndGlobalSection
EndGlobal
